
Microsoft Visual Studio Solution File, Format Version 12.00
# Visual Studio Version 16
VisualStudioVersion = 16.0.33328.57
MinimumVisualStudioVersion = 10.0.40219.1
Project("{FAE04EC0-301F-11D3-BF4B-00C04F79EFBC}") = "Lab01Task01", "Lab01Task01.csproj", "{568918BB-C597-498E-AA35-CAC68F9A0DA3}"
EndProject
Global
	GlobalSection(SolutionConfigurationPlatforms) = preSolution
		Debug|Any CPU = Debug|Any CPU
		Release|Any CPU = Release|Any CPU
	EndGlobalSection
	GlobalSection(ProjectConfigurationPlatforms) = postSolution
		{568918BB-C597-498E-AA35-CAC68F9A0DA3}.Debug|Any CPU.ActiveCfg = Debug|Any CPU
		{568918BB-C597-498E-AA35-CAC68F9A0DA3}.Debug|Any CPU.Build.0 = Debug|Any CPU
		{568918BB-C597-498E-AA35-CAC68F9A0DA3}.Release|Any CPU.ActiveCfg = Release|Any CPU
		{568918BB-C597-498E-AA35-CAC68F9A0DA3}.Release|Any CPU.Build.0 = Release|Any CPU
	EndGlobalSection
	GlobalSection(SolutionProperties) = preSolution
		HideSolutionNode = FALSE
	EndGlobalSection
	GlobalSection(ExtensibilityGlobals) = postSolution
		SolutionGuid = {7312CF9E-453A-42E1-91ED-47EA07E00536}
	EndGlobalSection
EndGlobal
